{
  "name": "get-todos-000id",
  "lockfileVersion": 2,
  "requires": true,
  "packages": {
    "": {
      "dependencies": {
        "@architect/functions": "^3.14.1",
        "@begin/data": "^2.0.1",
        "@begin/enhance": "^0.0.3"
      }
    },
    "../../views": {
      "extraneous": true
    },
    "node_modules/@architect/asap": {
      "version": "3.13.8",
      "license": "Apache-2.0",
      "engines": {
        "node": ">=10"
      }
    },
    "node_modules/@architect/functions": {
      "version": "3.14.1",
      "license": "Apache-2.0",
      "dependencies": {
        "aws-serverless-express": "^3.3.8",
        "cookie": "^0.4.1",
        "cookie-signature": "^1.1.0",
        "csrf": "^3.1.0",
        "mime-types": "^2.1.27",
        "node-webtokens": "^1.0.4",
        "run-parallel": "^1.1.10",
        "run-waterfall": "^1.1.7",
        "uid-safe": "^2.1.5"
      },
      "engines": {
        "node": ">=10"
      }
    },
    "node_modules/@architect/inventory": {
      "version": "1.4.4",
      "license": "Apache-2.0",
      "dependencies": {
        "@architect/asap": "~3.13.8",
        "@architect/parser": "~3.0.1",
        "@architect/utils": "~2.1.3"
      },
      "engines": {
        "node": ">=10"
      }
    },
    "node_modules/@architect/parser": {
      "version": "3.0.1",
      "license": "Apache-2.0",
      "engines": {
        "node": ">=10"
      }
    },
    "node_modules/@architect/utils": {
      "version": "2.1.3",
      "license": "Apache-2.0",
      "dependencies": {
        "chalk": "~4.1.1",
        "glob": "~7.1.7",
        "path-sort": "~0.1.0",
        "restore-cursor": "~3.1.0",
        "run-series": "~1.1.9",
        "run-waterfall": "~1.1.7",
        "sha": "~3.0.0"
      },
      "engines": {
        "node": ">=10"
      }
    },
    "node_modules/@begin/data": {
      "version": "2.0.1",
      "license": "Apache-2.0",
      "dependencies": {
        "@architect/inventory": "^1.2.3",
        "@begin/hashid": "^1.0.0",
        "run-parallel": "^1.1.9",
        "run-waterfall": "^1.1.6",
        "tiny-json-http": "^7.3.0"
      }
    },
    "node_modules/@begin/enhance": {
      "version": "0.0.3",
      "resolved": "https://registry.npmjs.org/@begin/enhance/-/enhance-0.0.3.tgz",
      "integrity": "sha512-AF2f+VjsypNz/C+yzXCtuK/Uate0LieDmeyYWVUq8pktPEupZP2YzX2LrCw3EOYLNfIsiWVDYSkGBOzvhgzdwA==",
      "dependencies": {
        "esm": "^3.2.25",
        "parse5": "^6.0.1"
      }
    },
    "node_modules/@begin/hashid": {
      "version": "1.0.0",
      "license": "MIT"
    },
    "node_modules/@vendia/serverless-express": {
      "version": "3.4.0",
      "license": "Apache-2.0",
      "dependencies": {
        "binary-case": "^1.0.0",
        "type-is": "^1.6.16"
      },
      "engines": {
        "node": ">=6"
      }
    },
    "node_modules/ansi-styles": {
      "version": "4.3.0",
      "license": "MIT",
      "dependencies": {
        "color-convert": "^2.0.1"
      },
      "engines": {
        "node": ">=8"
      },
      "funding": {
        "url": "https://github.com/chalk/ansi-styles?sponsor=1"
      }
    },
    "node_modules/aws-serverless-express": {
      "version": "3.4.0",
      "license": "Apache-2.0",
      "dependencies": {
        "@vendia/serverless-express": "^3.4.0",
        "binary-case": "^1.0.0",
        "type-is": "^1.6.16"
      },
      "engines": {
        "node": ">=6"
      }
    },
    "node_modules/balanced-match": {
      "version": "1.0.2",
      "license": "MIT"
    },
    "node_modules/binary-case": {
      "version": "1.1.4",
      "license": "Apache-2.0"
    },
    "node_modules/brace-expansion": {
      "version": "1.1.11",
      "license": "MIT",
      "dependencies": {
        "balanced-match": "^1.0.0",
        "concat-map": "0.0.1"
      }
    },
    "node_modules/chalk": {
      "version": "4.1.1",
      "license": "MIT",
      "dependencies": {
        "ansi-styles": "^4.1.0",
        "supports-color": "^7.1.0"
      },
      "engines": {
        "node": ">=10"
      },
      "funding": {
        "url": "https://github.com/chalk/chalk?sponsor=1"
      }
    },
    "node_modules/color-convert": {
      "version": "2.0.1",
      "license": "MIT",
      "dependencies": {
        "color-name": "~1.1.4"
      },
      "engines": {
        "node": ">=7.0.0"
      }
    },
    "node_modules/color-name": {
      "version": "1.1.4",
      "license": "MIT"
    },
    "node_modules/concat-map": {
      "version": "0.0.1",
      "license": "MIT"
    },
    "node_modules/cookie": {
      "version": "0.4.1",
      "license": "MIT",
      "engines": {
        "node": ">= 0.6"
      }
    },
    "node_modules/cookie-signature": {
      "version": "1.1.0",
      "license": "MIT",
      "engines": {
        "node": ">=6.6.0"
      }
    },
    "node_modules/csrf": {
      "version": "3.1.0",
      "license": "MIT",
      "dependencies": {
        "rndm": "1.2.0",
        "tsscmp": "1.0.6",
        "uid-safe": "2.1.5"
      },
      "engines": {
        "node": ">= 0.8"
      }
    },
    "node_modules/esm": {
      "version": "3.2.25",
      "resolved": "https://registry.npmjs.org/esm/-/esm-3.2.25.tgz",
      "integrity": "sha512-U1suiZ2oDVWv4zPO56S0NcR5QriEahGtdN2OR6FiOG4WJvcjBVFB0qI4+eKoWFH483PKGuLuu6V8Z4T5g63UVA==",
      "engines": {
        "node": ">=6"
      }
    },
    "node_modules/fs.realpath": {
      "version": "1.0.0",
      "license": "ISC"
    },
    "node_modules/glob": {
      "version": "7.1.7",
      "license": "ISC",
      "dependencies": {
        "fs.realpath": "^1.0.0",
        "inflight": "^1.0.4",
        "inherits": "2",
        "minimatch": "^3.0.4",
        "once": "^1.3.0",
        "path-is-absolute": "^1.0.0"
      },
      "engines": {
        "node": "*"
      },
      "funding": {
        "url": "https://github.com/sponsors/isaacs"
      }
    },
    "node_modules/graceful-fs": {
      "version": "4.2.6",
      "license": "ISC"
    },
    "node_modules/has-flag": {
      "version": "4.0.0",
      "license": "MIT",
      "engines": {
        "node": ">=8"
      }
    },
    "node_modules/inflight": {
      "version": "1.0.6",
      "license": "ISC",
      "dependencies": {
        "once": "^1.3.0",
        "wrappy": "1"
      }
    },
    "node_modules/inherits": {
      "version": "2.0.4",
      "license": "ISC"
    },
    "node_modules/media-typer": {
      "version": "0.3.0",
      "license": "MIT",
      "engines": {
        "node": ">= 0.6"
      }
    },
    "node_modules/mime-db": {
      "version": "1.48.0",
      "license": "MIT",
      "engines": {
        "node": ">= 0.6"
      }
    },
    "node_modules/mime-types": {
      "version": "2.1.31",
      "license": "MIT",
      "dependencies": {
        "mime-db": "1.48.0"
      },
      "engines": {
        "node": ">= 0.6"
      }
    },
    "node_modules/mimic-fn": {
      "version": "2.1.0",
      "license": "MIT",
      "engines": {
        "node": ">=6"
      }
    },
    "node_modules/minimatch": {
      "version": "3.0.4",
      "license": "ISC",
      "dependencies": {
        "brace-expansion": "^1.1.7"
      },
      "engines": {
        "node": "*"
      }
    },
    "node_modules/node-webtokens": {
      "version": "1.0.4",
      "license": "MIT",
      "engines": {
        "node": ">=6.6.0"
      }
    },
    "node_modules/once": {
      "version": "1.4.0",
      "license": "ISC",
      "dependencies": {
        "wrappy": "1"
      }
    },
    "node_modules/onetime": {
      "version": "5.1.2",
      "license": "MIT",
      "dependencies": {
        "mimic-fn": "^2.1.0"
      },
      "engines": {
        "node": ">=6"
      },
      "funding": {
        "url": "https://github.com/sponsors/sindresorhus"
      }
    },
    "node_modules/parse5": {
      "version": "6.0.1",
      "resolved": "https://registry.npmjs.org/parse5/-/parse5-6.0.1.tgz",
      "integrity": "sha512-Ofn/CTFzRGTTxwpNEs9PP93gXShHcTq255nzRYSKe8AkVpZY7e1fpmTfOyoIvjP5HG7Z2ZM7VS9PPhQGW2pOpw=="
    },
    "node_modules/path-is-absolute": {
      "version": "1.0.1",
      "license": "MIT",
      "engines": {
        "node": ">=0.10.0"
      }
    },
    "node_modules/path-sort": {
      "version": "0.1.0",
      "license": "MIT"
    },
    "node_modules/queue-microtask": {
      "version": "1.2.3",
      "funding": [
        {
          "type": "github",
          "url": "https://github.com/sponsors/feross"
        },
        {
          "type": "patreon",
          "url": "https://www.patreon.com/feross"
        },
        {
          "type": "consulting",
          "url": "https://feross.org/support"
        }
      ],
      "license": "MIT"
    },
    "node_modules/random-bytes": {
      "version": "1.0.0",
      "license": "MIT",
      "engines": {
        "node": ">= 0.8"
      }
    },
    "node_modules/restore-cursor": {
      "version": "3.1.0",
      "license": "MIT",
      "dependencies": {
        "onetime": "^5.1.0",
        "signal-exit": "^3.0.2"
      },
      "engines": {
        "node": ">=8"
      }
    },
    "node_modules/rndm": {
      "version": "1.2.0",
      "license": "MIT"
    },
    "node_modules/run-parallel": {
      "version": "1.2.0",
      "funding": [
        {
          "type": "github",
          "url": "https://github.com/sponsors/feross"
        },
        {
          "type": "patreon",
          "url": "https://www.patreon.com/feross"
        },
        {
          "type": "consulting",
          "url": "https://feross.org/support"
        }
      ],
      "license": "MIT",
      "dependencies": {
        "queue-microtask": "^1.2.2"
      }
    },
    "node_modules/run-series": {
      "version": "1.1.9",
      "funding": [
        {
          "type": "github",
          "url": "https://github.com/sponsors/feross"
        },
        {
          "type": "patreon",
          "url": "https://www.patreon.com/feross"
        },
        {
          "type": "consulting",
          "url": "https://feross.org/support"
        }
      ],
      "license": "MIT"
    },
    "node_modules/run-waterfall": {
      "version": "1.1.7",
      "funding": [
        {
          "type": "github",
          "url": "https://github.com/sponsors/feross"
        },
        {
          "type": "patreon",
          "url": "https://www.patreon.com/feross"
        },
        {
          "type": "consulting",
          "url": "https://feross.org/support"
        }
      ],
      "license": "MIT"
    },
    "node_modules/sha": {
      "version": "3.0.0",
      "license": "(BSD-2-Clause OR MIT)",
      "dependencies": {
        "graceful-fs": "^4.1.2"
      }
    },
    "node_modules/signal-exit": {
      "version": "3.0.3",
      "license": "ISC"
    },
    "node_modules/supports-color": {
      "version": "7.2.0",
      "license": "MIT",
      "dependencies": {
        "has-flag": "^4.0.0"
      },
      "engines": {
        "node": ">=8"
      }
    },
    "node_modules/tiny-json-http": {
      "version": "7.3.0",
      "license": "Apache-2.0"
    },
    "node_modules/tsscmp": {
      "version": "1.0.6",
      "license": "MIT",
      "engines": {
        "node": ">=0.6.x"
      }
    },
    "node_modules/type-is": {
      "version": "1.6.18",
      "license": "MIT",
      "dependencies": {
        "media-typer": "0.3.0",
        "mime-types": "~2.1.24"
      },
      "engines": {
        "node": ">= 0.6"
      }
    },
    "node_modules/uid-safe": {
      "version": "2.1.5",
      "license": "MIT",
      "dependencies": {
        "random-bytes": "~1.0.0"
      },
      "engines": {
        "node": ">= 0.8"
      }
    },
    "node_modules/wrappy": {
      "version": "1.0.2",
      "license": "ISC"
    }
  },
  "dependencies": {
    "@architect/asap": {
      "version": "3.13.8"
    },
    "@architect/functions": {
      "version": "3.14.1",
      "requires": {
        "aws-serverless-express": "^3.3.8",
        "cookie": "^0.4.1",
        "cookie-signature": "^1.1.0",
        "csrf": "^3.1.0",
        "mime-types": "^2.1.27",
        "node-webtokens": "^1.0.4",
        "run-parallel": "^1.1.10",
        "run-waterfall": "^1.1.7",
        "uid-safe": "^2.1.5"
      }
    },
    "@architect/inventory": {
      "version": "1.4.4",
      "requires": {
        "@architect/asap": "~3.13.8",
        "@architect/parser": "~3.0.1",
        "@architect/utils": "~2.1.3"
      }
    },
    "@architect/parser": {
      "version": "3.0.1"
    },
    "@architect/utils": {
      "version": "2.1.3",
      "requires": {
        "chalk": "~4.1.1",
        "glob": "~7.1.7",
        "path-sort": "~0.1.0",
        "restore-cursor": "~3.1.0",
        "run-series": "~1.1.9",
        "run-waterfall": "~1.1.7",
        "sha": "~3.0.0"
      }
    },
    "@begin/data": {
      "version": "2.0.1",
      "requires": {
        "@architect/inventory": "^1.2.3",
        "@begin/hashid": "^1.0.0",
        "run-parallel": "^1.1.9",
        "run-waterfall": "^1.1.6",
        "tiny-json-http": "^7.3.0"
      }
    },
    "@begin/enhance": {
      "version": "0.0.3",
      "resolved": "https://registry.npmjs.org/@begin/enhance/-/enhance-0.0.3.tgz",
      "integrity": "sha512-AF2f+VjsypNz/C+yzXCtuK/Uate0LieDmeyYWVUq8pktPEupZP2YzX2LrCw3EOYLNfIsiWVDYSkGBOzvhgzdwA==",
      "requires": {
        "esm": "^3.2.25",
        "parse5": "^6.0.1"
      }
    },
    "@begin/hashid": {
      "version": "1.0.0"
    },
    "@vendia/serverless-express": {
      "version": "3.4.0",
      "requires": {
        "binary-case": "^1.0.0",
        "type-is": "^1.6.16"
      }
    },
    "ansi-styles": {
      "version": "4.3.0",
      "requires": {
        "color-convert": "^2.0.1"
      }
    },
    "aws-serverless-express": {
      "version": "3.4.0",
      "requires": {
        "@vendia/serverless-express": "^3.4.0",
        "binary-case": "^1.0.0",
        "type-is": "^1.6.16"
      }
    },
    "balanced-match": {
      "version": "1.0.2"
    },
    "binary-case": {
      "version": "1.1.4"
    },
    "brace-expansion": {
      "version": "1.1.11",
      "requires": {
        "balanced-match": "^1.0.0",
        "concat-map": "0.0.1"
      }
    },
    "chalk": {
      "version": "4.1.1",
      "requires": {
        "ansi-styles": "^4.1.0",
        "supports-color": "^7.1.0"
      }
    },
    "color-convert": {
      "version": "2.0.1",
      "requires": {
        "color-name": "~1.1.4"
      }
    },
    "color-name": {
      "version": "1.1.4"
    },
    "concat-map": {
      "version": "0.0.1"
    },
    "cookie": {
      "version": "0.4.1"
    },
    "cookie-signature": {
      "version": "1.1.0"
    },
    "csrf": {
      "version": "3.1.0",
      "requires": {
        "rndm": "1.2.0",
        "tsscmp": "1.0.6",
        "uid-safe": "2.1.5"
      }
    },
    "esm": {
      "version": "3.2.25",
      "resolved": "https://registry.npmjs.org/esm/-/esm-3.2.25.tgz",
      "integrity": "sha512-U1suiZ2oDVWv4zPO56S0NcR5QriEahGtdN2OR6FiOG4WJvcjBVFB0qI4+eKoWFH483PKGuLuu6V8Z4T5g63UVA=="
    },
    "fs.realpath": {
      "version": "1.0.0"
    },
    "glob": {
      "version": "7.1.7",
      "requires": {
        "fs.realpath": "^1.0.0",
        "inflight": "^1.0.4",
        "inherits": "2",
        "minimatch": "^3.0.4",
        "once": "^1.3.0",
        "path-is-absolute": "^1.0.0"
      }
    },
    "graceful-fs": {
      "version": "4.2.6"
    },
    "has-flag": {
      "version": "4.0.0"
    },
    "inflight": {
      "version": "1.0.6",
      "requires": {
        "once": "^1.3.0",
        "wrappy": "1"
      }
    },
    "inherits": {
      "version": "2.0.4"
    },
    "media-typer": {
      "version": "0.3.0"
    },
    "mime-db": {
      "version": "1.48.0"
    },
    "mime-types": {
      "version": "2.1.31",
      "requires": {
        "mime-db": "1.48.0"
      }
    },
    "mimic-fn": {
      "version": "2.1.0"
    },
    "minimatch": {
      "version": "3.0.4",
      "requires": {
        "brace-expansion": "^1.1.7"
      }
    },
    "node-webtokens": {
      "version": "1.0.4"
    },
    "once": {
      "version": "1.4.0",
      "requires": {
        "wrappy": "1"
      }
    },
    "onetime": {
      "version": "5.1.2",
      "requires": {
        "mimic-fn": "^2.1.0"
      }
    },
    "parse5": {
      "version": "6.0.1",
      "resolved": "https://registry.npmjs.org/parse5/-/parse5-6.0.1.tgz",
      "integrity": "sha512-Ofn/CTFzRGTTxwpNEs9PP93gXShHcTq255nzRYSKe8AkVpZY7e1fpmTfOyoIvjP5HG7Z2ZM7VS9PPhQGW2pOpw=="
    },
    "path-is-absolute": {
      "version": "1.0.1"
    },
    "path-sort": {
      "version": "0.1.0"
    },
    "queue-microtask": {
      "version": "1.2.3"
    },
    "random-bytes": {
      "version": "1.0.0"
    },
    "restore-cursor": {
      "version": "3.1.0",
      "requires": {
        "onetime": "^5.1.0",
        "signal-exit": "^3.0.2"
      }
    },
    "rndm": {
      "version": "1.2.0"
    },
    "run-parallel": {
      "version": "1.2.0",
      "requires": {
        "queue-microtask": "^1.2.2"
      }
    },
    "run-series": {
      "version": "1.1.9"
    },
    "run-waterfall": {
      "version": "1.1.7"
    },
    "sha": {
      "version": "3.0.0",
      "requires": {
        "graceful-fs": "^4.1.2"
      }
    },
    "signal-exit": {
      "version": "3.0.3"
    },
    "supports-color": {
      "version": "7.2.0",
      "requires": {
        "has-flag": "^4.0.0"
      }
    },
    "tiny-json-http": {
      "version": "7.3.0"
    },
    "tsscmp": {
      "version": "1.0.6"
    },
    "type-is": {
      "version": "1.6.18",
      "requires": {
        "media-typer": "0.3.0",
        "mime-types": "~2.1.24"
      }
    },
    "uid-safe": {
      "version": "2.1.5",
      "requires": {
        "random-bytes": "~1.0.0"
      }
    },
    "wrappy": {
      "version": "1.0.2"
    }
  }
}
